
Microsoft Visual Studio Solution File, Format Version 12.00
# Visual Studio 15
VisualStudioVersion = 15.0.28010.2036
MinimumVisualStudioVersion = 10.0.40219.1
Project("{9A19103F-16F7-4668-BE54-9A1E7A4F7556}") = "internshiptest", "internshiptest.csproj", "{07EEA3F4-B79D-4111-A85B-DFEEFCDADF20}"
EndProject
Global
	GlobalSection(SolutionConfigurationPlatforms) = preSolution
		Debug|Any CPU = Debug|Any CPU
		Release|Any CPU = Release|Any CPU
	EndGlobalSection
	GlobalSection(ProjectConfigurationPlatforms) = postSolution
		{07EEA3F4-B79D-4111-A85B-DFEEFCDADF20}.Debug|Any CPU.ActiveCfg = Debug|Any CPU
		{07EEA3F4-B79D-4111-A85B-DFEEFCDADF20}.Debug|Any CPU.Build.0 = Debug|Any CPU
		{07EEA3F4-B79D-4111-A85B-DFEEFCDADF20}.Release|Any CPU.ActiveCfg = Release|Any CPU
		{07EEA3F4-B79D-4111-A85B-DFEEFCDADF20}.Release|Any CPU.Build.0 = Release|Any CPU
	EndGlobalSection
	GlobalSection(SolutionProperties) = preSolution
		HideSolutionNode = FALSE
	EndGlobalSection
	GlobalSection(ExtensibilityGlobals) = postSolution
		SolutionGuid = {8010A4E4-7A06-4421-9C66-85C962C12F3F}
	EndGlobalSection
EndGlobal
